
Microsoft Visual Studio Solution File, Format Version 12.00
# Visual Studio 15
VisualStudioVersion = 15.0.27703.2035
MinimumVisualStudioVersion = 10.0.40219.1
Project("{FAE04EC0-301F-11D3-BF4B-00C04F79EFBC}") = "DiContainerExample", "DiContainerExample\DiContainerExample.csproj", "{CB794AC0-582D-4E1D-B108-FE216157FC2C}"
EndProject
Project("{9A19103F-16F7-4668-BE54-9A1E7A4F7556}") = "Calculator.Interface", "Calculator.Interface\Calculator.Interface.csproj", "{F3111DB1-8EF6-4768-8FC0-E2BA093EAD37}"
EndProject
Project("{9A19103F-16F7-4668-BE54-9A1E7A4F7556}") = "Calculator.Implementation", "Calculator.Implmentation\Calculator.Implementation.csproj", "{2FF66AA8-34D5-4EEE-B6DB-CA3BA7EA1C6C}"
EndProject
Global
	GlobalSection(SolutionConfigurationPlatforms) = preSolution
		Debug|Any CPU = Debug|Any CPU
		Release|Any CPU = Release|Any CPU
	EndGlobalSection
	GlobalSection(ProjectConfigurationPlatforms) = postSolution
		{CB794AC0-582D-4E1D-B108-FE216157FC2C}.Debug|Any CPU.ActiveCfg = Debug|Any CPU
		{CB794AC0-582D-4E1D-B108-FE216157FC2C}.Debug|Any CPU.Build.0 = Debug|Any CPU
		{CB794AC0-582D-4E1D-B108-FE216157FC2C}.Release|Any CPU.ActiveCfg = Release|Any CPU
		{CB794AC0-582D-4E1D-B108-FE216157FC2C}.Release|Any CPU.Build.0 = Release|Any CPU
		{F3111DB1-8EF6-4768-8FC0-E2BA093EAD37}.Debug|Any CPU.ActiveCfg = Debug|Any CPU
		{F3111DB1-8EF6-4768-8FC0-E2BA093EAD37}.Debug|Any CPU.Build.0 = Debug|Any CPU
		{F3111DB1-8EF6-4768-8FC0-E2BA093EAD37}.Release|Any CPU.ActiveCfg = Release|Any CPU
		{F3111DB1-8EF6-4768-8FC0-E2BA093EAD37}.Release|Any CPU.Build.0 = Release|Any CPU
		{2FF66AA8-34D5-4EEE-B6DB-CA3BA7EA1C6C}.Debug|Any CPU.ActiveCfg = Debug|Any CPU
		{2FF66AA8-34D5-4EEE-B6DB-CA3BA7EA1C6C}.Debug|Any CPU.Build.0 = Debug|Any CPU
		{2FF66AA8-34D5-4EEE-B6DB-CA3BA7EA1C6C}.Release|Any CPU.ActiveCfg = Release|Any CPU
		{2FF66AA8-34D5-4EEE-B6DB-CA3BA7EA1C6C}.Release|Any CPU.Build.0 = Release|Any CPU
	EndGlobalSection
	GlobalSection(SolutionProperties) = preSolution
		HideSolutionNode = FALSE
	EndGlobalSection
	GlobalSection(ExtensibilityGlobals) = postSolution
		SolutionGuid = {56809D0B-32FD-490E-B0C0-17AF8A464316}
	EndGlobalSection
EndGlobal
